
Microsoft Visual Studio Solution File, Format Version 12.00
# Visual Studio 2013
VisualStudioVersion = 12.0.21005.1
MinimumVisualStudioVersion = 10.0.40219.1
Project("{FAE04EC0-301F-11D3-BF4B-00C04F79EFBC}") = "Smart.Dimdim.Api.Tests", "Smart.Dimdim.Api.Tests\Smart.Dimdim.Api.Tests.csproj", "{88846BF9-F427-46A2-B046-3780C55BF5A3}"
EndProject
Project("{FAE04EC0-301F-11D3-BF4B-00C04F79EFBC}") = "Smart.Dimdim.Api", "Smart.Dimdim.Api\Smart.Dimdim.Api.csproj", "{F6D19B9D-C5D3-4F51-AD99-55B5D6B2A295}"
EndProject
Project("{FAE04EC0-301F-11D3-BF4B-00C04F79EFBC}") = "Smart.Dimdim.Web", "Smart.Dimdim.Web\Smart.Dimdim.Web.csproj", "{C42AB15A-51FA-48B6-9355-22C694D2FF8A}"
EndProject
Project("{FAE04EC0-301F-11D3-BF4B-00C04F79EFBC}") = "Smart.Dimdim.WebMvc", "Smart.Dimdim.WebMvc\Smart.Dimdim.WebMvc.csproj", "{0CAD2B59-59C4-4522-BDA4-E4597F604459}"
EndProject
Project("{2150E333-8FDC-42A3-9474-1A3956D46DE8}") = "DLLS", "DLLS", "{12E8E3BE-4C4D-4D78-90A3-A759D7969329}"
EndProject
Project("{FAE04EC0-301F-11D3-BF4B-00C04F79EFBC}") = "Smart.Dimdim.Models", "Smart.Dimdim.Models\Smart.Dimdim.Models.csproj", "{98E2322B-6E5A-4369-B25F-6A02FCD95574}"
EndProject
Project("{FAE04EC0-301F-11D3-BF4B-00C04F79EFBC}") = "Teste", "Teste\Teste.csproj", "{4E89BF72-97FA-4E54-AF99-6358CEE3B2A4}"
EndProject
Global
	GlobalSection(SolutionConfigurationPlatforms) = preSolution
		Debug|Any CPU = Debug|Any CPU
		Release|Any CPU = Release|Any CPU
	EndGlobalSection
	GlobalSection(ProjectConfigurationPlatforms) = postSolution
		{88846BF9-F427-46A2-B046-3780C55BF5A3}.Debug|Any CPU.ActiveCfg = Debug|Any CPU
		{88846BF9-F427-46A2-B046-3780C55BF5A3}.Debug|Any CPU.Build.0 = Debug|Any CPU
		{88846BF9-F427-46A2-B046-3780C55BF5A3}.Release|Any CPU.ActiveCfg = Release|Any CPU
		{88846BF9-F427-46A2-B046-3780C55BF5A3}.Release|Any CPU.Build.0 = Release|Any CPU
		{F6D19B9D-C5D3-4F51-AD99-55B5D6B2A295}.Debug|Any CPU.ActiveCfg = Debug|Any CPU
		{F6D19B9D-C5D3-4F51-AD99-55B5D6B2A295}.Debug|Any CPU.Build.0 = Debug|Any CPU
		{F6D19B9D-C5D3-4F51-AD99-55B5D6B2A295}.Release|Any CPU.ActiveCfg = Release|Any CPU
		{F6D19B9D-C5D3-4F51-AD99-55B5D6B2A295}.Release|Any CPU.Build.0 = Release|Any CPU
		{C42AB15A-51FA-48B6-9355-22C694D2FF8A}.Debug|Any CPU.ActiveCfg = Debug|Any CPU
		{C42AB15A-51FA-48B6-9355-22C694D2FF8A}.Debug|Any CPU.Build.0 = Debug|Any CPU
		{C42AB15A-51FA-48B6-9355-22C694D2FF8A}.Release|Any CPU.ActiveCfg = Release|Any CPU
		{C42AB15A-51FA-48B6-9355-22C694D2FF8A}.Release|Any CPU.Build.0 = Release|Any CPU
		{0CAD2B59-59C4-4522-BDA4-E4597F604459}.Debug|Any CPU.ActiveCfg = Debug|Any CPU
		{0CAD2B59-59C4-4522-BDA4-E4597F604459}.Debug|Any CPU.Build.0 = Debug|Any CPU
		{0CAD2B59-59C4-4522-BDA4-E4597F604459}.Release|Any CPU.ActiveCfg = Release|Any CPU
		{0CAD2B59-59C4-4522-BDA4-E4597F604459}.Release|Any CPU.Build.0 = Release|Any CPU
		{98E2322B-6E5A-4369-B25F-6A02FCD95574}.Debug|Any CPU.ActiveCfg = Debug|Any CPU
		{98E2322B-6E5A-4369-B25F-6A02FCD95574}.Debug|Any CPU.Build.0 = Debug|Any CPU
		{98E2322B-6E5A-4369-B25F-6A02FCD95574}.Release|Any CPU.ActiveCfg = Release|Any CPU
		{98E2322B-6E5A-4369-B25F-6A02FCD95574}.Release|Any CPU.Build.0 = Release|Any CPU
		{4E89BF72-97FA-4E54-AF99-6358CEE3B2A4}.Debug|Any CPU.ActiveCfg = Debug|Any CPU
		{4E89BF72-97FA-4E54-AF99-6358CEE3B2A4}.Debug|Any CPU.Build.0 = Debug|Any CPU
		{4E89BF72-97FA-4E54-AF99-6358CEE3B2A4}.Release|Any CPU.ActiveCfg = Release|Any CPU
		{4E89BF72-97FA-4E54-AF99-6358CEE3B2A4}.Release|Any CPU.Build.0 = Release|Any CPU
	EndGlobalSection
	GlobalSection(SolutionProperties) = preSolution
		HideSolutionNode = FALSE
	EndGlobalSection
	GlobalSection(NestedProjects) = preSolution
		{98E2322B-6E5A-4369-B25F-6A02FCD95574} = {12E8E3BE-4C4D-4D78-90A3-A759D7969329}
	EndGlobalSection
EndGlobal
